# THIS IS AN AUTOGENERATED FILE. DO NOT EDIT THIS FILE DIRECTLY.
# yarn lockfile v1


"@babel/runtime@*":
  version "7.18.2"
  resolved "https://registry.yarnpkg.com/@babel/runtime/-/runtime-7.18.2.tgz#674575748fa99cf03694e77fc00de8e5117b42a0"
  integrity sha512-mTV1PibQHr88R1p4nH/uhR/TJ0mXGEgKTx6Mnd1cn/DSA9r8fqbd+d31xujI2C1pRWtxjy+HAcmtB+MEcF4VNg==
  dependencies:
    regenerator-runtime "^0.13.4"

regenerator-runtime@^0.13.4:
  version "0.13.9"
  resolved "https://registry.yarnpkg.com/regenerator-runtime/-/regenerator-runtime-0.13.9.tgz#8925742a98ffd90814988d7566ad30ca3b263b52"
  integrity sha512-p3VT+cOEgxFsRRA9X4lkI1E+k2/CtnKtU4gcxyaCUreilL/vqI6CdZ3wxVUx3UOUg+gnUOQQcRI7BmSI656MYA==
