# THIS IS AN AUTOGENERATED FILE. DO NOT EDIT THIS FILE DIRECTLY.
# yarn lockfile v1


"@babel/runtime@*":
  version "7.13.17"
  resolved "https://registry.yarnpkg.com/@babel/runtime/-/runtime-7.13.17.tgz#8966d1fc9593bf848602f0662d6b4d0069e3a7ec"
  integrity sha512-NCdgJEelPTSh+FEFylhnP1ylq848l1z9t9N0j1Lfbcw0+KXGjsTvUmkxy+voLLXB5SOKMbLLx4jxYliGrYQseA==
  dependencies:
    regenerator-runtime "^0.13.4"

"@emotion/is-prop-valid@^0.8.2":
  version "0.8.8"
  resolved "https://registry.yarnpkg.com/@emotion/is-prop-valid/-/is-prop-valid-0.8.8.tgz#db28b1c4368a259b60a97311d6a952d4fd01ac1a"
  integrity sha512-u5WtneEAr5IDG2Wv65yhunPSMLIpuKsbuOktRojfrEiEvRyC85LgPMZI63cr7NUqT8ZIGdSVg8ZKGxIug4lXcA==
  dependencies:
    "@emotion/memoize" "0.7.4"

"@emotion/memoize@0.7.4":
  version "0.7.4"
  resolved "https://registry.yarnpkg.com/@emotion/memoize/-/memoize-0.7.4.tgz#19bf0f5af19149111c40d98bb0cf82119f5d9eeb"
  integrity sha512-Ja/Vfqe3HpuzRsG1oBtWTHk2PGZ7GR+2Vz5iYGelAw8dx32K0y7PjVuxK6z1nMpZOqAFsRUPCkK1YjJ56qJlgw==

"@motify/components@^0.10.0":
  version "0.10.0"
  resolved "https://registry.yarnpkg.com/@motify/components/-/components-0.10.0.tgz#1c35cb7d5b3a2a0308ddf21a388faf7666b19927"
  integrity sha512-6kJ/QFQLByeEKf2cqLcr1tC09+Xs/qvxaeuMelDdSEXLqaX2m+1bk4pEHKtDo41UVOYaiQAcTkHeFUia34TM8w==
  dependencies:
    "@motify/core" "^0.10.0"

"@motify/core@^0.10.0":
  version "0.10.0"
  resolved "https://registry.yarnpkg.com/@motify/core/-/core-0.10.0.tgz#3b1be362e9587e1d047beb3f523636cbe8021553"
  integrity sha512-N+sjYMHYN4QPaVkYJrkIxCcCfvD28co1Tx33+C83cVPJan4KHUgC8QyBmkoBcz8yAmOCapOKCXhx5EkCnzI8lw==
  dependencies:
    framer-motion "^3.9.1"

framer-motion@^3.9.1:
  version "3.10.6"
  resolved "https://registry.yarnpkg.com/framer-motion/-/framer-motion-3.10.6.tgz#67737ef05ed0408860751d81c919770ac831b394"
  integrity sha512-OxOtKgQS4km9a8dm0IMBtNNp4f0DiHfQ/IzxKs818+Kg9V/Ve/pRUJ2dtWBb6+W4lIPNLgRSpbOwOACVj15XcQ==
  dependencies:
    framesync "5.2.0"
    hey-listen "^1.0.8"
    popmotion "9.3.1"
    style-value-types "4.1.1"
    tslib "^1.10.0"
  optionalDependencies:
    "@emotion/is-prop-valid" "^0.8.2"

framesync@5.2.0:
  version "5.2.0"
  resolved "https://registry.yarnpkg.com/framesync/-/framesync-5.2.0.tgz#f14480654cd05a6af4c72c9890cad93556841643"
  integrity sha512-dcl92w5SHc0o6pRK3//VBVNvu6WkYkiXmHG6ZIXrVzmgh0aDYMDAaoA3p3LH71JIdN5qmhDcfONFA4Lmq22tNA==

hey-listen@^1.0.8:
  version "1.0.8"
  resolved "https://registry.yarnpkg.com/hey-listen/-/hey-listen-1.0.8.tgz#8e59561ff724908de1aa924ed6ecc84a56a9aa68"
  integrity sha512-COpmrF2NOg4TBWUJ5UVyaCU2A88wEMkUPK4hNqyCkqHbxT92BbvfjoSozkAIIm6XhicGlJHhFdullInrdhwU8Q==

popmotion@9.3.1:
  version "9.3.1"
  resolved "https://registry.yarnpkg.com/popmotion/-/popmotion-9.3.1.tgz#134319ed4b9b8e3ec506c99064f7b2f14bc05781"
  integrity sha512-Qozvg8rz2OGeZwWuIjqlSXqqgWto/+QL24ll8sAAc0n71KY/wvN1W4sAASxTuHv8YWdDnk9u9IdadyPo2DGvDA==
  dependencies:
    framesync "5.2.0"
    hey-listen "^1.0.8"
    style-value-types "4.1.1"
    tslib "^1.10.0"

regenerator-runtime@^0.13.4:
  version "0.13.7"
  resolved "https://registry.yarnpkg.com/regenerator-runtime/-/regenerator-runtime-0.13.7.tgz#cac2dacc8a1ea675feaabaeb8ae833898ae46f55"
  integrity sha512-a54FxoJDIr27pgf7IgeQGxmqUNYrcV338lf/6gH456HZ/PhX+5BcwHXG9ajESmwe6WRO0tAzRUrRmNONWgkrew==

style-value-types@4.1.1:
  version "4.1.1"
  resolved "https://registry.yarnpkg.com/style-value-types/-/style-value-types-4.1.1.tgz#15d08bd9bb17ac3f5d4a863bf9d5e4eb8e4f0686"
  integrity sha512-cNLrl6jk+I1T18ZI2KIp/fcqKVuykcNELDrOz7y+TYZR97xmNdN0ewupURvVFnQxVrRJv98TMBq92VMsggq3kw==
  dependencies:
    hey-listen "^1.0.8"
    tslib "^1.10.0"

tslib@^1.10.0:
  version "1.14.1"
  resolved "https://registry.yarnpkg.com/tslib/-/tslib-1.14.1.tgz#cf2d38bdc34a134bcaf1091c41f6619e2f672d00"
  integrity sha512-Xni35NKzjgMrwevysHTCArtLDpPvye8zV/0E4EyYn43P7/7qvQwPh9BGkHewbMulVntbigmcT7rdX3BNo9wRJg==
